
Microsoft Visual Studio Solution File, Format Version 12.00
# Visual Studio Version 16
VisualStudioVersion = 16.0.29306.81
MinimumVisualStudioVersion = 10.0.40219.1
Project("{FAE04EC0-301F-11D3-BF4B-00C04F79EFBC}") = "TS Background Changer", "TS Background Changer\TS Background Changer.csproj", "{FFA7945B-5755-4573-85C8-83FC13EAE8C1}"
EndProject
Global
	GlobalSection(SolutionConfigurationPlatforms) = preSolution
		Debug|Any CPU = Debug|Any CPU
		Release|Any CPU = Release|Any CPU
	EndGlobalSection
	GlobalSection(ProjectConfigurationPlatforms) = postSolution
		{FFA7945B-5755-4573-85C8-83FC13EAE8C1}.Debug|Any CPU.ActiveCfg = Debug|Any CPU
		{FFA7945B-5755-4573-85C8-83FC13EAE8C1}.Debug|Any CPU.Build.0 = Debug|Any CPU
		{FFA7945B-5755-4573-85C8-83FC13EAE8C1}.Release|Any CPU.ActiveCfg = Release|Any CPU
		{FFA7945B-5755-4573-85C8-83FC13EAE8C1}.Release|Any CPU.Build.0 = Release|Any CPU
	EndGlobalSection
	GlobalSection(SolutionProperties) = preSolution
		HideSolutionNode = FALSE
	EndGlobalSection
	GlobalSection(ExtensibilityGlobals) = postSolution
		SolutionGuid = {5CD7833A-BF26-45DA-AEFE-801273BB7652}
	EndGlobalSection
EndGlobal
